
Microsoft Visual Studio Solution File, Format Version 12.00
# Visual Studio 14
VisualStudioVersion = 14.0.25420.1
MinimumVisualStudioVersion = 10.0.40219.1
Project("{2150E333-8FDC-42A3-9474-1A3956D46DE8}") = "SolutionFiles", "SolutionFiles", "{3B0F0067-E652-4915-86BA-0B6595ABF789}"
	ProjectSection(SolutionItems) = preProject
		JobbrRuleSet.ruleset = JobbrRuleSet.ruleset
	EndProjectSection
EndProject
Project("{FAE04EC0-301F-11D3-BF4B-00C04F79EFBC}") = "Jobbr.Server", "Jobbr.Server\Jobbr.Server.csproj", "{A45F729D-8629-4C7A-96B8-29EAA8D52919}"
EndProject
Project("{FAE04EC0-301F-11D3-BF4B-00C04F79EFBC}") = "Jobbr.Tests", "Jobbr.Tests\Jobbr.Tests.csproj", "{304D07A5-D6D1-4F48-819E-5D28ED8755AC}"
EndProject
Project("{2150E333-8FDC-42A3-9474-1A3956D46DE8}") = "build", "build", "{13B2F939-2E3C-4145-A00B-6B6D42680598}"
	ProjectSection(SolutionItems) = preProject
		..\appveyor.yml = ..\appveyor.yml
		..\GitVersion.yml = ..\GitVersion.yml
		..\internalize_exclude.txt = ..\internalize_exclude.txt
		Jobbr.Server.nuspec = Jobbr.Server.nuspec
	EndProjectSection
EndProject
Global
	GlobalSection(SolutionConfigurationPlatforms) = preSolution
		Debug|Any CPU = Debug|Any CPU
		Release|Any CPU = Release|Any CPU
	EndGlobalSection
	GlobalSection(ProjectConfigurationPlatforms) = postSolution
		{A45F729D-8629-4C7A-96B8-29EAA8D52919}.Debug|Any CPU.ActiveCfg = Debug|Any CPU
		{A45F729D-8629-4C7A-96B8-29EAA8D52919}.Debug|Any CPU.Build.0 = Debug|Any CPU
		{A45F729D-8629-4C7A-96B8-29EAA8D52919}.Release|Any CPU.ActiveCfg = Release|Any CPU
		{A45F729D-8629-4C7A-96B8-29EAA8D52919}.Release|Any CPU.Build.0 = Release|Any CPU
		{304D07A5-D6D1-4F48-819E-5D28ED8755AC}.Debug|Any CPU.ActiveCfg = Debug|Any CPU
		{304D07A5-D6D1-4F48-819E-5D28ED8755AC}.Debug|Any CPU.Build.0 = Debug|Any CPU
		{304D07A5-D6D1-4F48-819E-5D28ED8755AC}.Release|Any CPU.ActiveCfg = Release|Any CPU
		{304D07A5-D6D1-4F48-819E-5D28ED8755AC}.Release|Any CPU.Build.0 = Release|Any CPU
	EndGlobalSection
	GlobalSection(SolutionProperties) = preSolution
		HideSolutionNode = FALSE
	EndGlobalSection
EndGlobal
