
Microsoft Visual Studio Solution File, Format Version 12.00
# Visual Studio 14
VisualStudioVersion = 14.0.25420.1
MinimumVisualStudioVersion = 10.0.40219.1
Project("{2150E333-8FDC-42A3-9474-1A3956D46DE8}") = "SolutionFiles", "SolutionFiles", "{3B0F0067-E652-4915-86BA-0B6595ABF789}"
	ProjectSection(SolutionItems) = preProject
		JobbrRuleSet.ruleset = JobbrRuleSet.ruleset
	EndProjectSection
EndProject
Project("{FAE04EC0-301F-11D3-BF4B-00C04F79EFBC}") = "Jobbr.Server", "Jobbr.Server\Jobbr.Server.csproj", "{A45F729D-8629-4C7A-96B8-29EAA8D52919}"
EndProject
Project("{FAE04EC0-301F-11D3-BF4B-00C04F79EFBC}") = "Jobbr.Tests", "Jobbr.Tests\Jobbr.Tests.csproj", "{304D07A5-D6D1-4F48-819E-5D28ED8755AC}"
EndProject
Project("{2150E333-8FDC-42A3-9474-1A3956D46DE8}") = "Submodules", "Submodules", "{315A5141-A541-44FC-B7C7-1C0F7594CAAF}"
EndProject
Project("{FAE04EC0-301F-11D3-BF4B-00C04F79EFBC}") = "Jobbr.ComponentModel.Registration", "submodules\jobbr-cm-registration\source\Jobbr.ComponentModel.Registration\Jobbr.ComponentModel.Registration.csproj", "{12CAB6D9-5E35-4AF5-88EB-EC81EE61C620}"
EndProject
Project("{FAE04EC0-301F-11D3-BF4B-00C04F79EFBC}") = "Jobbr.ComponentModel.ArtefactStorage", "submodules\jobbr-cm-artefactstorage\source\Jobbr.ComponentModel.ArtefactStorage\Jobbr.ComponentModel.ArtefactStorage.csproj", "{183F7730-D805-405C-92B4-84BB151C2371}"
EndProject
Project("{FAE04EC0-301F-11D3-BF4B-00C04F79EFBC}") = "Jobbr.ComponentModel.Execution", "submodules\jobbr-cm-execution\source\Jobbr.ComponentModel.Execution\Jobbr.ComponentModel.Execution.csproj", "{60E632D9-B2BE-4701-991E-C7113689FBF0}"
EndProject
Project("{FAE04EC0-301F-11D3-BF4B-00C04F79EFBC}") = "Jobbr.ComponentModel.JobStorage", "submodules\jobbr-cm-jobstorage\source\Jobbr.ComponentModel.JobStorage\Jobbr.ComponentModel.JobStorage.csproj", "{375FFCCA-E278-4744-96DD-D4AB92186C66}"
EndProject
Project("{FAE04EC0-301F-11D3-BF4B-00C04F79EFBC}") = "Jobbr.ComponentModel.Management", "submodules\jobbr-cm-management\source\Jobbr.ComponentModel.Management\Jobbr.ComponentModel.Management.csproj", "{44C1E5B0-5802-48FA-910E-17665587979D}"
EndProject
Global
	GlobalSection(SolutionConfigurationPlatforms) = preSolution
		Debug|Any CPU = Debug|Any CPU
		Release|Any CPU = Release|Any CPU
	EndGlobalSection
	GlobalSection(ProjectConfigurationPlatforms) = postSolution
		{A45F729D-8629-4C7A-96B8-29EAA8D52919}.Debug|Any CPU.ActiveCfg = Debug|Any CPU
		{A45F729D-8629-4C7A-96B8-29EAA8D52919}.Debug|Any CPU.Build.0 = Debug|Any CPU
		{A45F729D-8629-4C7A-96B8-29EAA8D52919}.Release|Any CPU.ActiveCfg = Release|Any CPU
		{A45F729D-8629-4C7A-96B8-29EAA8D52919}.Release|Any CPU.Build.0 = Release|Any CPU
		{304D07A5-D6D1-4F48-819E-5D28ED8755AC}.Debug|Any CPU.ActiveCfg = Debug|Any CPU
		{304D07A5-D6D1-4F48-819E-5D28ED8755AC}.Debug|Any CPU.Build.0 = Debug|Any CPU
		{304D07A5-D6D1-4F48-819E-5D28ED8755AC}.Release|Any CPU.ActiveCfg = Release|Any CPU
		{12CAB6D9-5E35-4AF5-88EB-EC81EE61C620}.Debug|Any CPU.ActiveCfg = Debug|Any CPU
		{12CAB6D9-5E35-4AF5-88EB-EC81EE61C620}.Debug|Any CPU.Build.0 = Debug|Any CPU
		{12CAB6D9-5E35-4AF5-88EB-EC81EE61C620}.Release|Any CPU.ActiveCfg = Release|Any CPU
		{12CAB6D9-5E35-4AF5-88EB-EC81EE61C620}.Release|Any CPU.Build.0 = Release|Any CPU
		{183F7730-D805-405C-92B4-84BB151C2371}.Debug|Any CPU.ActiveCfg = Debug|Any CPU
		{183F7730-D805-405C-92B4-84BB151C2371}.Debug|Any CPU.Build.0 = Debug|Any CPU
		{183F7730-D805-405C-92B4-84BB151C2371}.Release|Any CPU.ActiveCfg = Release|Any CPU
		{183F7730-D805-405C-92B4-84BB151C2371}.Release|Any CPU.Build.0 = Release|Any CPU
		{60E632D9-B2BE-4701-991E-C7113689FBF0}.Debug|Any CPU.ActiveCfg = Debug|Any CPU
		{60E632D9-B2BE-4701-991E-C7113689FBF0}.Debug|Any CPU.Build.0 = Debug|Any CPU
		{60E632D9-B2BE-4701-991E-C7113689FBF0}.Release|Any CPU.ActiveCfg = Release|Any CPU
		{60E632D9-B2BE-4701-991E-C7113689FBF0}.Release|Any CPU.Build.0 = Release|Any CPU
		{375FFCCA-E278-4744-96DD-D4AB92186C66}.Debug|Any CPU.ActiveCfg = Debug|Any CPU
		{375FFCCA-E278-4744-96DD-D4AB92186C66}.Debug|Any CPU.Build.0 = Debug|Any CPU
		{375FFCCA-E278-4744-96DD-D4AB92186C66}.Release|Any CPU.ActiveCfg = Release|Any CPU
		{375FFCCA-E278-4744-96DD-D4AB92186C66}.Release|Any CPU.Build.0 = Release|Any CPU
		{44C1E5B0-5802-48FA-910E-17665587979D}.Debug|Any CPU.ActiveCfg = Debug|Any CPU
		{44C1E5B0-5802-48FA-910E-17665587979D}.Debug|Any CPU.Build.0 = Debug|Any CPU
		{44C1E5B0-5802-48FA-910E-17665587979D}.Release|Any CPU.ActiveCfg = Release|Any CPU
		{44C1E5B0-5802-48FA-910E-17665587979D}.Release|Any CPU.Build.0 = Release|Any CPU
	EndGlobalSection
	GlobalSection(SolutionProperties) = preSolution
		HideSolutionNode = FALSE
	EndGlobalSection
	GlobalSection(NestedProjects) = preSolution
		{12CAB6D9-5E35-4AF5-88EB-EC81EE61C620} = {315A5141-A541-44FC-B7C7-1C0F7594CAAF}
		{183F7730-D805-405C-92B4-84BB151C2371} = {315A5141-A541-44FC-B7C7-1C0F7594CAAF}
		{60E632D9-B2BE-4701-991E-C7113689FBF0} = {315A5141-A541-44FC-B7C7-1C0F7594CAAF}
		{375FFCCA-E278-4744-96DD-D4AB92186C66} = {315A5141-A541-44FC-B7C7-1C0F7594CAAF}
		{44C1E5B0-5802-48FA-910E-17665587979D} = {315A5141-A541-44FC-B7C7-1C0F7594CAAF}
	EndGlobalSection
EndGlobal
