
Microsoft Visual Studio Solution File, Format Version 12.00
# Visual Studio 15
VisualStudioVersion = 15.0.26430.14
MinimumVisualStudioVersion = 10.0.40219.1
Project("{2150E333-8FDC-42A3-9474-1A3956D46DE8}") = "SolutionFiles", "SolutionFiles", "{3B0F0067-E652-4915-86BA-0B6595ABF789}"
	ProjectSection(SolutionItems) = preProject
		CustomDictionary.xml = CustomDictionary.xml
		JobbrRuleSet.ruleset = JobbrRuleSet.ruleset
		..\README.md = ..\README.md
	EndProjectSection
EndProject
Project("{FAE04EC0-301F-11D3-BF4B-00C04F79EFBC}") = "Jobbr.Server", "Jobbr.Server\Jobbr.Server.csproj", "{A45F729D-8629-4C7A-96B8-29EAA8D52919}"
EndProject
Project("{FAE04EC0-301F-11D3-BF4B-00C04F79EFBC}") = "Jobbr.Tests", "Jobbr.Tests\Jobbr.Tests.csproj", "{304D07A5-D6D1-4F48-819E-5D28ED8755AC}"
EndProject
Project("{2150E333-8FDC-42A3-9474-1A3956D46DE8}") = "build", "build", "{13B2F939-2E3C-4145-A00B-6B6D42680598}"
	ProjectSection(SolutionItems) = preProject
		..\appveyor.yml = ..\appveyor.yml
		..\GitVersion.yml = ..\GitVersion.yml
		..\internalize_exclude.txt = ..\internalize_exclude.txt
		Jobbr.Server.nuspec = Jobbr.Server.nuspec
	EndProjectSection
EndProject
Project("{2150E333-8FDC-42A3-9474-1A3956D46DE8}") = "submodules", "submodules", "{256FF5EC-6208-4EEA-8FB1-1F9E131F9644}"
EndProject
Project("{FAE04EC0-301F-11D3-BF4B-00C04F79EFBC}") = "Jobbr.DevSupport.ReferencedVersionAsserter", "submodules\devsupport\src\Jobbr.DevSupport.ReferencedVersionAsserter\Jobbr.DevSupport.ReferencedVersionAsserter.csproj", "{D7C78DBD-D440-4D0C-B9A9-AD8B7473364A}"
EndProject
Project("{2150E333-8FDC-42A3-9474-1A3956D46DE8}") = "Jobbr.Sample", "Jobbr.Sample", "{BBDF28C9-C2B1-4107-AC1C-3066B7289687}"
EndProject
Project("{FAE04EC0-301F-11D3-BF4B-00C04F79EFBC}") = "Jobbr.Sample.Server", "Jobbr.Sample\Jobbr.Sample.Server\Jobbr.Sample.Server.csproj", "{7887BD16-52C2-441A-A1F5-E303932350A9}"
EndProject
Project("{FAE04EC0-301F-11D3-BF4B-00C04F79EFBC}") = "Jobbr.Sample.Runtime", "Jobbr.Sample\Jobbr.Sample.Runtime\Jobbr.Sample.Runtime.csproj", "{8331AD0C-0ECE-4E7C-B0CD-5CA586305347}"
EndProject
Project("{FAE04EC0-301F-11D3-BF4B-00C04F79EFBC}") = "Jobbr.Sample.Jobs", "Jobbr.Sample\Jobbr.Sample.Jobs\Jobbr.Sample.Jobs.csproj", "{F4144946-342E-4F9A-BF38-40D478C4A51F}"
EndProject
Global
	GlobalSection(SolutionConfigurationPlatforms) = preSolution
		Debug|Any CPU = Debug|Any CPU
		Release|Any CPU = Release|Any CPU
	EndGlobalSection
	GlobalSection(ProjectConfigurationPlatforms) = postSolution
		{A45F729D-8629-4C7A-96B8-29EAA8D52919}.Debug|Any CPU.ActiveCfg = Debug|Any CPU
		{A45F729D-8629-4C7A-96B8-29EAA8D52919}.Debug|Any CPU.Build.0 = Debug|Any CPU
		{A45F729D-8629-4C7A-96B8-29EAA8D52919}.Release|Any CPU.ActiveCfg = Release|Any CPU
		{A45F729D-8629-4C7A-96B8-29EAA8D52919}.Release|Any CPU.Build.0 = Release|Any CPU
		{304D07A5-D6D1-4F48-819E-5D28ED8755AC}.Debug|Any CPU.ActiveCfg = Debug|Any CPU
		{304D07A5-D6D1-4F48-819E-5D28ED8755AC}.Debug|Any CPU.Build.0 = Debug|Any CPU
		{304D07A5-D6D1-4F48-819E-5D28ED8755AC}.Release|Any CPU.ActiveCfg = Release|Any CPU
		{304D07A5-D6D1-4F48-819E-5D28ED8755AC}.Release|Any CPU.Build.0 = Release|Any CPU
		{D7C78DBD-D440-4D0C-B9A9-AD8B7473364A}.Debug|Any CPU.ActiveCfg = Debug|Any CPU
		{D7C78DBD-D440-4D0C-B9A9-AD8B7473364A}.Debug|Any CPU.Build.0 = Debug|Any CPU
		{D7C78DBD-D440-4D0C-B9A9-AD8B7473364A}.Release|Any CPU.ActiveCfg = Release|Any CPU
		{D7C78DBD-D440-4D0C-B9A9-AD8B7473364A}.Release|Any CPU.Build.0 = Release|Any CPU
		{7887BD16-52C2-441A-A1F5-E303932350A9}.Debug|Any CPU.ActiveCfg = Debug|Any CPU
		{7887BD16-52C2-441A-A1F5-E303932350A9}.Debug|Any CPU.Build.0 = Debug|Any CPU
		{7887BD16-52C2-441A-A1F5-E303932350A9}.Release|Any CPU.ActiveCfg = Release|Any CPU
		{7887BD16-52C2-441A-A1F5-E303932350A9}.Release|Any CPU.Build.0 = Release|Any CPU
		{8331AD0C-0ECE-4E7C-B0CD-5CA586305347}.Debug|Any CPU.ActiveCfg = Debug|Any CPU
		{8331AD0C-0ECE-4E7C-B0CD-5CA586305347}.Debug|Any CPU.Build.0 = Debug|Any CPU
		{8331AD0C-0ECE-4E7C-B0CD-5CA586305347}.Release|Any CPU.ActiveCfg = Release|Any CPU
		{8331AD0C-0ECE-4E7C-B0CD-5CA586305347}.Release|Any CPU.Build.0 = Release|Any CPU
		{F4144946-342E-4F9A-BF38-40D478C4A51F}.Debug|Any CPU.ActiveCfg = Debug|Any CPU
		{F4144946-342E-4F9A-BF38-40D478C4A51F}.Debug|Any CPU.Build.0 = Debug|Any CPU
		{F4144946-342E-4F9A-BF38-40D478C4A51F}.Release|Any CPU.ActiveCfg = Release|Any CPU
		{F4144946-342E-4F9A-BF38-40D478C4A51F}.Release|Any CPU.Build.0 = Release|Any CPU
	EndGlobalSection
	GlobalSection(SolutionProperties) = preSolution
		HideSolutionNode = FALSE
	EndGlobalSection
	GlobalSection(NestedProjects) = preSolution
		{D7C78DBD-D440-4D0C-B9A9-AD8B7473364A} = {256FF5EC-6208-4EEA-8FB1-1F9E131F9644}
		{7887BD16-52C2-441A-A1F5-E303932350A9} = {BBDF28C9-C2B1-4107-AC1C-3066B7289687}
		{8331AD0C-0ECE-4E7C-B0CD-5CA586305347} = {BBDF28C9-C2B1-4107-AC1C-3066B7289687}
		{F4144946-342E-4F9A-BF38-40D478C4A51F} = {BBDF28C9-C2B1-4107-AC1C-3066B7289687}
	EndGlobalSection
	GlobalSection(ExtensibilityGlobals) = postSolution
		SolutionGuid = {82F0717C-A2EF-415C-B2B3-250DA998995B}
	EndGlobalSection
EndGlobal
